// !$*UTF8*$!
{
	archiveVersion = 1;
	classes = {
	};
	objectVersion = 56;
	objects = {

/* Begin PBXBuildFile section */
		4F262838292D33B200D79836 /* SwiftUICharts in Frameworks */ = {isa = PBXBuildFile; productRef = 4F262837292D33B200D79836 /* SwiftUICharts */; };
		4F26283A2930DF2700D79836 /* demoVideo.mp4 in Resources */ = {isa = PBXBuildFile; fileRef = 4F2628392930DF2700D79836 /* demoVideo.mp4 */; };
		4F55031429116BBC00788695 /* DataStorage.swift in Sources */ = {isa = PBXBuildFile; fileRef = 4F55031329116BBC00788695 /* DataStorage.swift */; };
		4F5503172912BCD700788695 /* HealthData.xcdatamodeld in Sources */ = {isa = PBXBuildFile; fileRef = 4F5503152912BCD700788695 /* HealthData.xcdatamodeld */; };
		4F55031929139C4B00788695 /* AddItemView.swift in Sources */ = {isa = PBXBuildFile; fileRef = 4F55031829139C4B00788695 /* AddItemView.swift */; };
		4F550321292630B800788695 /* ChartRingView.swift in Sources */ = {isa = PBXBuildFile; fileRef = 4F550320292630B800788695 /* ChartRingView.swift */; };
		4F9F04B429014233008C4C46 /* FL_testApp.swift in Sources */ = {isa = PBXBuildFile; fileRef = 4F9F04B329014233008C4C46 /* FL_testApp.swift */; };
		4F9F04B629014233008C4C46 /* ContentView.swift in Sources */ = {isa = PBXBuildFile; fileRef = 4F9F04B529014233008C4C46 /* ContentView.swift */; };
		4F9F04B829014234008C4C46 /* Assets.xcassets in Resources */ = {isa = PBXBuildFile; fileRef = 4F9F04B729014234008C4C46 /* Assets.xcassets */; };
		4F9F04BB29014234008C4C46 /* Preview Assets.xcassets in Resources */ = {isa = PBXBuildFile; fileRef = 4F9F04BA29014234008C4C46 /* Preview Assets.xcassets */; };
		4F9F04C529014234008C4C46 /* FL_testTests.swift in Sources */ = {isa = PBXBuildFile; fileRef = 4F9F04C429014234008C4C46 /* FL_testTests.swift */; };
		4F9F04CF29014234008C4C46 /* FL_testUITests.swift in Sources */ = {isa = PBXBuildFile; fileRef = 4F9F04CE29014234008C4C46 /* FL_testUITests.swift */; };
		4F9F04D129014234008C4C46 /* FL_testUITestsLaunchTests.swift in Sources */ = {isa = PBXBuildFile; fileRef = 4F9F04D029014234008C4C46 /* FL_testUITestsLaunchTests.swift */; };
		4F9F04E729014BDB008C4C46 /* Socket.swift in Sources */ = {isa = PBXBuildFile; fileRef = 4F9F04E629014BDB008C4C46 /* Socket.swift */; };
		4F9F04E92902B3A3008C4C46 /* Realtime.swift in Sources */ = {isa = PBXBuildFile; fileRef = 4F9F04E82902B3A3008C4C46 /* Realtime.swift */; };
		4F9F04EC2903DB03008C4C46 /* SettingsView.swift in Sources */ = {isa = PBXBuildFile; fileRef = 4F9F04EB2903DB03008C4C46 /* SettingsView.swift */; };
		4F9F04EE2903DB21008C4C46 /* HomesView.swift in Sources */ = {isa = PBXBuildFile; fileRef = 4F9F04ED2903DB21008C4C46 /* HomesView.swift */; };
		4F9F04F02903DB2D008C4C46 /* UsersView.swift in Sources */ = {isa = PBXBuildFile; fileRef = 4F9F04EF2903DB2D008C4C46 /* UsersView.swift */; };
		4F9F04F22903DB44008C4C46 /* StartsView.swift in Sources */ = {isa = PBXBuildFile; fileRef = 4F9F04F12903DB44008C4C46 /* StartsView.swift */; };
		4F9F04FA2906D71D008C4C46 /* FootShape.swift in Sources */ = {isa = PBXBuildFile; fileRef = 4F9F04F92906D71D008C4C46 /* FootShape.swift */; };
/* End PBXBuildFile section */

/* Begin PBXContainerItemProxy section */
		4F9F04C129014234008C4C46 /* PBXContainerItemProxy */ = {
			isa = PBXContainerItemProxy;
			containerPortal = 4F9F04A829014233008C4C46 /* Project object */;
			proxyType = 1;
			remoteGlobalIDString = 4F9F04AF29014233008C4C46;
			remoteInfo = FL_test;
		};
		4F9F04CB29014234008C4C46 /* PBXContainerItemProxy */ = {
			isa = PBXContainerItemProxy;
			containerPortal = 4F9F04A829014233008C4C46 /* Project object */;
			proxyType = 1;
			remoteGlobalIDString = 4F9F04AF29014233008C4C46;
			remoteInfo = FL_test;
		};
/* End PBXContainerItemProxy section */

/* Begin PBXFileReference section */
		4F2628392930DF2700D79836 /* demoVideo.mp4 */ = {isa = PBXFileReference; lastKnownFileType = file; path = demoVideo.mp4; sourceTree = "<group>"; };
		4F55031329116BBC00788695 /* DataStorage.swift */ = {isa = PBXFileReference; lastKnownFileType = sourcecode.swift; path = DataStorage.swift; sourceTree = "<group>"; };
		4F5503162912BCD700788695 /* HealthData.xcdatamodel */ = {isa = PBXFileReference; lastKnownFileType = wrapper.xcdatamodel; path = HealthData.xcdatamodel; sourceTree = "<group>"; };
		4F55031829139C4B00788695 /* AddItemView.swift */ = {isa = PBXFileReference; lastKnownFileType = sourcecode.swift; path = AddItemView.swift; sourceTree = "<group>"; };
		4F550320292630B800788695 /* ChartRingView.swift */ = {isa = PBXFileReference; lastKnownFileType = sourcecode.swift; path = ChartRingView.swift; sourceTree = "<group>"; };
		4F9F04B029014233008C4C46 /* FL_test.app */ = {isa = PBXFileReference; explicitFileType = wrapper.application; includeInIndex = 0; path = FL_test.app; sourceTree = BUILT_PRODUCTS_DIR; };
		4F9F04B329014233008C4C46 /* FL_testApp.swift */ = {isa = PBXFileReference; lastKnownFileType = sourcecode.swift; path = FL_testApp.swift; sourceTree = "<group>"; };
		4F9F04B529014233008C4C46 /* ContentView.swift */ = {isa = PBXFileReference; lastKnownFileType = sourcecode.swift; path = ContentView.swift; sourceTree = "<group>"; };
		4F9F04B729014234008C4C46 /* Assets.xcassets */ = {isa = PBXFileReference; lastKnownFileType = folder.assetcatalog; path = Assets.xcassets; sourceTree = "<group>"; };
		4F9F04BA29014234008C4C46 /* Preview Assets.xcassets */ = {isa = PBXFileReference; lastKnownFileType = folder.assetcatalog; path = "Preview Assets.xcassets"; sourceTree = "<group>"; };
		4F9F04C029014234008C4C46 /* FL_testTests.xctest */ = {isa = PBXFileReference; explicitFileType = wrapper.cfbundle; includeInIndex = 0; path = FL_testTests.xctest; sourceTree = BUILT_PRODUCTS_DIR; };
		4F9F04C429014234008C4C46 /* FL_testTests.swift */ = {isa = PBXFileReference; lastKnownFileType = sourcecode.swift; path = FL_testTests.swift; sourceTree = "<group>"; };
		4F9F04CA29014234008C4C46 /* FL_testUITests.xctest */ = {isa = PBXFileReference; explicitFileType = wrapper.cfbundle; includeInIndex = 0; path = FL_testUITests.xctest; sourceTree = BUILT_PRODUCTS_DIR; };
		4F9F04CE29014234008C4C46 /* FL_testUITests.swift */ = {isa = PBXFileReference; lastKnownFileType = sourcecode.swift; path = FL_testUITests.swift; sourceTree = "<group>"; };
		4F9F04D029014234008C4C46 /* FL_testUITestsLaunchTests.swift */ = {isa = PBXFileReference; lastKnownFileType = sourcecode.swift; path = FL_testUITestsLaunchTests.swift; sourceTree = "<group>"; };
		4F9F04E629014BDB008C4C46 /* Socket.swift */ = {isa = PBXFileReference; lastKnownFileType = sourcecode.swift; path = Socket.swift; sourceTree = "<group>"; };
		4F9F04E82902B3A3008C4C46 /* Realtime.swift */ = {isa = PBXFileReference; lastKnownFileType = sourcecode.swift; path = Realtime.swift; sourceTree = "<group>"; };
		4F9F04EB2903DB03008C4C46 /* SettingsView.swift */ = {isa = PBXFileReference; lastKnownFileType = sourcecode.swift; path = SettingsView.swift; sourceTree = "<group>"; };
		4F9F04ED2903DB21008C4C46 /* HomesView.swift */ = {isa = PBXFileReference; lastKnownFileType = sourcecode.swift; path = HomesView.swift; sourceTree = "<group>"; };
		4F9F04EF2903DB2D008C4C46 /* UsersView.swift */ = {isa = PBXFileReference; lastKnownFileType = sourcecode.swift; path = UsersView.swift; sourceTree = "<group>"; };
		4F9F04F12903DB44008C4C46 /* StartsView.swift */ = {isa = PBXFileReference; lastKnownFileType = sourcecode.swift; path = StartsView.swift; sourceTree = "<group>"; };
		4F9F04F92906D71D008C4C46 /* FootShape.swift */ = {isa = PBXFileReference; lastKnownFileType = sourcecode.swift; path = FootShape.swift; sourceTree = "<group>"; };
/* End PBXFileReference section */

/* Begin PBXFrameworksBuildPhase section */
		4F9F04AD29014233008C4C46 /* Frameworks */ = {
			isa = PBXFrameworksBuildPhase;
			buildActionMask = 2147483647;
			files = (
				4F262838292D33B200D79836 /* SwiftUICharts in Frameworks */,
			);
			runOnlyForDeploymentPostprocessing = 0;
		};
		4F9F04BD29014234008C4C46 /* Frameworks */ = {
			isa = PBXFrameworksBuildPhase;
			buildActionMask = 2147483647;
			files = (
			);
			runOnlyForDeploymentPostprocessing = 0;
		};
		4F9F04C729014234008C4C46 /* Frameworks */ = {
			isa = PBXFrameworksBuildPhase;
			buildActionMask = 2147483647;
			files = (
			);
			runOnlyForDeploymentPostprocessing = 0;
		};
/* End PBXFrameworksBuildPhase section */

/* Begin PBXGroup section */
		4F9F04A729014233008C4C46 = {
			isa = PBXGroup;
			children = (
				4F9F04E129014750008C4C46 /* Packages */,
				4F9F04B229014233008C4C46 /* FL_test */,
				4F9F04C329014234008C4C46 /* FL_testTests */,
				4F9F04CD29014234008C4C46 /* FL_testUITests */,
				4F9F04B129014233008C4C46 /* Products */,
				4F9F04E329014836008C4C46 /* Frameworks */,
			);
			sourceTree = "<group>";
		};
		4F9F04B129014233008C4C46 /* Products */ = {
			isa = PBXGroup;
			children = (
				4F9F04B029014233008C4C46 /* FL_test.app */,
				4F9F04C029014234008C4C46 /* FL_testTests.xctest */,
				4F9F04CA29014234008C4C46 /* FL_testUITests.xctest */,
			);
			name = Products;
			sourceTree = "<group>";
		};
		4F9F04B229014233008C4C46 /* FL_test */ = {
			isa = PBXGroup;
			children = (
				4F2628392930DF2700D79836 /* demoVideo.mp4 */,
				4F9F04EA2903DAD7008C4C46 /* TabView */,
				4F9F04B329014233008C4C46 /* FL_testApp.swift */,
				4F5503152912BCD700788695 /* HealthData.xcdatamodeld */,
				4F9F04B529014233008C4C46 /* ContentView.swift */,
				4F9F04B729014234008C4C46 /* Assets.xcassets */,
				4F9F04B929014234008C4C46 /* Preview Content */,
				4F9F04E629014BDB008C4C46 /* Socket.swift */,
				4F9F04EF2903DB2D008C4C46 /* UsersView.swift */,
				4F9F04E82902B3A3008C4C46 /* Realtime.swift */,
				4F9F04F92906D71D008C4C46 /* FootShape.swift */,
				4F55031829139C4B00788695 /* AddItemView.swift */,
				4F550320292630B800788695 /* ChartRingView.swift */,
			);
			path = FL_test;
			sourceTree = "<group>";
		};
		4F9F04B929014234008C4C46 /* Preview Content */ = {
			isa = PBXGroup;
			children = (
				4F9F04BA29014234008C4C46 /* Preview Assets.xcassets */,
			);
			path = "Preview Content";
			sourceTree = "<group>";
		};
		4F9F04C329014234008C4C46 /* FL_testTests */ = {
			isa = PBXGroup;
			children = (
				4F9F04C429014234008C4C46 /* FL_testTests.swift */,
			);
			path = FL_testTests;
			sourceTree = "<group>";
		};
		4F9F04CD29014234008C4C46 /* FL_testUITests */ = {
			isa = PBXGroup;
			children = (
				4F9F04CE29014234008C4C46 /* FL_testUITests.swift */,
				4F9F04D029014234008C4C46 /* FL_testUITestsLaunchTests.swift */,
			);
			path = FL_testUITests;
			sourceTree = "<group>";
		};
		4F9F04E129014750008C4C46 /* Packages */ = {
			isa = PBXGroup;
			children = (
			);
			name = Packages;
			sourceTree = "<group>";
		};
		4F9F04E329014836008C4C46 /* Frameworks */ = {
			isa = PBXGroup;
			children = (
			);
			name = Frameworks;
			sourceTree = "<group>";
		};
		4F9F04EA2903DAD7008C4C46 /* TabView */ = {
			isa = PBXGroup;
			children = (
				4F55031329116BBC00788695 /* DataStorage.swift */,
				4F9F04EB2903DB03008C4C46 /* SettingsView.swift */,
				4F9F04ED2903DB21008C4C46 /* HomesView.swift */,
				4F9F04F12903DB44008C4C46 /* StartsView.swift */,
			);
			path = TabView;
			sourceTree = "<group>";
		};
/* End PBXGroup section */

/* Begin PBXNativeTarget section */
		4F9F04AF29014233008C4C46 /* FL_test */ = {
			isa = PBXNativeTarget;
			buildConfigurationList = 4F9F04D429014234008C4C46 /* Build configuration list for PBXNativeTarget "FL_test" */;
			buildPhases = (
				4F9F04AC29014233008C4C46 /* Sources */,
				4F9F04AD29014233008C4C46 /* Frameworks */,
				4F9F04AE29014233008C4C46 /* Resources */,
			);
			buildRules = (
			);
			dependencies = (
			);
			name = FL_test;
			packageProductDependencies = (
				4F262837292D33B200D79836 /* SwiftUICharts */,
			);
			productName = FL_test;
			productReference = 4F9F04B029014233008C4C46 /* FL_test.app */;
			productType = "com.apple.product-type.application";
		};
		4F9F04BF29014234008C4C46 /* FL_testTests */ = {
			isa = PBXNativeTarget;
			buildConfigurationList = 4F9F04D729014234008C4C46 /* Build configuration list for PBXNativeTarget "FL_testTests" */;
			buildPhases = (
				4F9F04BC29014234008C4C46 /* Sources */,
				4F9F04BD29014234008C4C46 /* Frameworks */,
				4F9F04BE29014234008C4C46 /* Resources */,
			);
			buildRules = (
			);
			dependencies = (
				4F9F04C229014234008C4C46 /* PBXTargetDependency */,
			);
			name = FL_testTests;
			productName = FL_testTests;
			productReference = 4F9F04C029014234008C4C46 /* FL_testTests.xctest */;
			productType = "com.apple.product-type.bundle.unit-test";
		};
		4F9F04C929014234008C4C46 /* FL_testUITests */ = {
			isa = PBXNativeTarget;
			buildConfigurationList = 4F9F04DA29014234008C4C46 /* Build configuration list for PBXNativeTarget "FL_testUITests" */;
			buildPhases = (
				4F9F04C629014234008C4C46 /* Sources */,
				4F9F04C729014234008C4C46 /* Frameworks */,
				4F9F04C829014234008C4C46 /* Resources */,
			);
			buildRules = (
			);
			dependencies = (
				4F9F04CC29014234008C4C46 /* PBXTargetDependency */,
			);
			name = FL_testUITests;
			productName = FL_testUITests;
			productReference = 4F9F04CA29014234008C4C46 /* FL_testUITests.xctest */;
			productType = "com.apple.product-type.bundle.ui-testing";
		};
/* End PBXNativeTarget section */

/* Begin PBXProject section */
		4F9F04A829014233008C4C46 /* Project object */ = {
			isa = PBXProject;
			attributes = {
				BuildIndependentTargetsInParallel = 1;
				LastSwiftUpdateCheck = 1400;
				LastUpgradeCheck = 1400;
				TargetAttributes = {
					4F9F04AF29014233008C4C46 = {
						CreatedOnToolsVersion = 14.0.1;
					};
					4F9F04BF29014234008C4C46 = {
						CreatedOnToolsVersion = 14.0.1;
						TestTargetID = 4F9F04AF29014233008C4C46;
					};
					4F9F04C929014234008C4C46 = {
						CreatedOnToolsVersion = 14.0.1;
						TestTargetID = 4F9F04AF29014233008C4C46;
					};
				};
			};
			buildConfigurationList = 4F9F04AB29014233008C4C46 /* Build configuration list for PBXProject "FL_test" */;
			compatibilityVersion = "Xcode 14.0";
			developmentRegion = en;
			hasScannedForEncodings = 0;
			knownRegions = (
				en,
				Base,
			);
			mainGroup = 4F9F04A729014233008C4C46;
			packageReferences = (
				4F262836292D33B200D79836 /* XCRemoteSwiftPackageReference "ChartView" */,
			);
			productRefGroup = 4F9F04B129014233008C4C46 /* Products */;
			projectDirPath = "";
			projectRoot = "";
			targets = (
				4F9F04AF29014233008C4C46 /* FL_test */,
				4F9F04BF29014234008C4C46 /* FL_testTests */,
				4F9F04C929014234008C4C46 /* FL_testUITests */,
			);
		};
/* End PBXProject section */

/* Begin PBXResourcesBuildPhase section */
		4F9F04AE29014233008C4C46 /* Resources */ = {
			isa = PBXResourcesBuildPhase;
			buildActionMask = 2147483647;
			files = (
				4F9F04BB29014234008C4C46 /* Preview Assets.xcassets in Resources */,
				4F9F04B829014234008C4C46 /* Assets.xcassets in Resources */,
				4F26283A2930DF2700D79836 /* demoVideo.mp4 in Resources */,
			);
			runOnlyForDeploymentPostprocessing = 0;
		};
		4F9F04BE29014234008C4C46 /* Resources */ = {
			isa = PBXResourcesBuildPhase;
			buildActionMask = 2147483647;
			files = (
			);
			runOnlyForDeploymentPostprocessing = 0;
		};
		4F9F04C829014234008C4C46 /* Resources */ = {
			isa = PBXResourcesBuildPhase;
			buildActionMask = 2147483647;
			files = (
			);
			runOnlyForDeploymentPostprocessing = 0;
		};
/* End PBXResourcesBuildPhase section */

/* Begin PBXSourcesBuildPhase section */
		4F9F04AC29014233008C4C46 /* Sources */ = {
			isa = PBXSourcesBuildPhase;
			buildActionMask = 2147483647;
			files = (
				4F5503172912BCD700788695 /* HealthData.xcdatamodeld in Sources */,
				4F550321292630B800788695 /* ChartRingView.swift in Sources */,
				4F9F04EC2903DB03008C4C46 /* SettingsView.swift in Sources */,
				4F9F04E92902B3A3008C4C46 /* Realtime.swift in Sources */,
				4F9F04B629014233008C4C46 /* ContentView.swift in Sources */,
				4F9F04FA2906D71D008C4C46 /* FootShape.swift in Sources */,
				4F9F04EE2903DB21008C4C46 /* HomesView.swift in Sources */,
				4F9F04B429014233008C4C46 /* FL_testApp.swift in Sources */,
				4F55031929139C4B00788695 /* AddItemView.swift in Sources */,
				4F9F04F02903DB2D008C4C46 /* UsersView.swift in Sources */,
				4F55031429116BBC00788695 /* DataStorage.swift in Sources */,
				4F9F04E729014BDB008C4C46 /* Socket.swift in Sources */,
				4F9F04F22903DB44008C4C46 /* StartsView.swift in Sources */,
			);
			runOnlyForDeploymentPostprocessing = 0;
		};
		4F9F04BC29014234008C4C46 /* Sources */ = {
			isa = PBXSourcesBuildPhase;
			buildActionMask = 2147483647;
			files = (
				4F9F04C529014234008C4C46 /* FL_testTests.swift in Sources */,
			);
			runOnlyForDeploymentPostprocessing = 0;
		};
		4F9F04C629014234008C4C46 /* Sources */ = {
			isa = PBXSourcesBuildPhase;
			buildActionMask = 2147483647;
			files = (
				4F9F04D129014234008C4C46 /* FL_testUITestsLaunchTests.swift in Sources */,
				4F9F04CF29014234008C4C46 /* FL_testUITests.swift in Sources */,
			);
			runOnlyForDeploymentPostprocessing = 0;
		};
/* End PBXSourcesBuildPhase section */

/* Begin PBXTargetDependency section */
		4F9F04C229014234008C4C46 /* PBXTargetDependency */ = {
			isa = PBXTargetDependency;
			target = 4F9F04AF29014233008C4C46 /* FL_test */;
			targetProxy = 4F9F04C129014234008C4C46 /* PBXContainerItemProxy */;
		};
		4F9F04CC29014234008C4C46 /* PBXTargetDependency */ = {
			isa = PBXTargetDependency;
			target = 4F9F04AF29014233008C4C46 /* FL_test */;
			targetProxy = 4F9F04CB29014234008C4C46 /* PBXContainerItemProxy */;
		};
/* End PBXTargetDependency section */

/* Begin XCBuildConfiguration section */
		4F9F04D229014234008C4C46 /* Debug */ = {
			isa = XCBuildConfiguration;
			buildSettings = {
				ALWAYS_SEARCH_USER_PATHS = NO;
				CLANG_ANALYZER_NONNULL = YES;
				CLANG_ANALYZER_NUMBER_OBJECT_CONVERSION = YES_AGGRESSIVE;
				CLANG_CXX_LANGUAGE_STANDARD = "gnu++20";
				CLANG_ENABLE_MODULES = YES;
				CLANG_ENABLE_OBJC_ARC = YES;
				CLANG_ENABLE_OBJC_WEAK = YES;
				CLANG_WARN_BLOCK_CAPTURE_AUTORELEASING = YES;
				CLANG_WARN_BOOL_CONVERSION = YES;
				CLANG_WARN_COMMA = YES;
				CLANG_WARN_CONSTANT_CONVERSION = YES;
				CLANG_WARN_DEPRECATED_OBJC_IMPLEMENTATIONS = YES;
				CLANG_WARN_DIRECT_OBJC_ISA_USAGE = YES_ERROR;
				CLANG_WARN_DOCUMENTATION_COMMENTS = YES;
				CLANG_WARN_EMPTY_BODY = YES;
				CLANG_WARN_ENUM_CONVERSION = YES;
				CLANG_WARN_INFINITE_RECURSION = YES;
				CLANG_WARN_INT_CONVERSION = YES;
				CLANG_WARN_NON_LITERAL_NULL_CONVERSION = YES;
				CLANG_WARN_OBJC_IMPLICIT_RETAIN_SELF = YES;
				CLANG_WARN_OBJC_LITERAL_CONVERSION = YES;
				CLANG_WARN_OBJC_ROOT_CLASS = YES_ERROR;
				CLANG_WARN_QUOTED_INCLUDE_IN_FRAMEWORK_HEADER = YES;
				CLANG_WARN_RANGE_LOOP_ANALYSIS = YES;
				CLANG_WARN_STRICT_PROTOTYPES = YES;
				CLANG_WARN_SUSPICIOUS_MOVE = YES;
				CLANG_WARN_UNGUARDED_AVAILABILITY = YES_AGGRESSIVE;
				CLANG_WARN_UNREACHABLE_CODE = YES;
				CLANG_WARN__DUPLICATE_METHOD_MATCH = YES;
				COPY_PHASE_STRIP = NO;
				DEBUG_INFORMATION_FORMAT = dwarf;
				ENABLE_STRICT_OBJC_MSGSEND = YES;
				ENABLE_TESTABILITY = YES;
				GCC_C_LANGUAGE_STANDARD = gnu11;
				GCC_DYNAMIC_NO_PIC = NO;
				GCC_NO_COMMON_BLOCKS = YES;
				GCC_OPTIMIZATION_LEVEL = 0;
				GCC_PREPROCESSOR_DEFINITIONS = (
					"DEBUG=1",
					"$(inherited)",
				);
				GCC_WARN_64_TO_32_BIT_CONVERSION = YES;
				GCC_WARN_ABOUT_RETURN_TYPE = YES_ERROR;
				GCC_WARN_UNDECLARED_SELECTOR = YES;
				GCC_WARN_UNINITIALIZED_AUTOS = YES_AGGRESSIVE;
				GCC_WARN_UNUSED_FUNCTION = YES;
				GCC_WARN_UNUSED_VARIABLE = YES;
				IPHONEOS_DEPLOYMENT_TARGET = 16.0;
				MTL_ENABLE_DEBUG_INFO = INCLUDE_SOURCE;
				MTL_FAST_MATH = YES;
				ONLY_ACTIVE_ARCH = YES;
				SDKROOT = iphoneos;
				SWIFT_ACTIVE_COMPILATION_CONDITIONS = DEBUG;
				SWIFT_OPTIMIZATION_LEVEL = "-Onone";
			};
			name = Debug;
		};
		4F9F04D329014234008C4C46 /* Release */ = {
			isa = XCBuildConfiguration;
			buildSettings = {
				ALWAYS_SEARCH_USER_PATHS = NO;
				CLANG_ANALYZER_NONNULL = YES;
				CLANG_ANALYZER_NUMBER_OBJECT_CONVERSION = YES_AGGRESSIVE;
				CLANG_CXX_LANGUAGE_STANDARD = "gnu++20";
				CLANG_ENABLE_MODULES = YES;
				CLANG_ENABLE_OBJC_ARC = YES;
				CLANG_ENABLE_OBJC_WEAK = YES;
				CLANG_WARN_BLOCK_CAPTURE_AUTORELEASING = YES;
				CLANG_WARN_BOOL_CONVERSION = YES;
				CLANG_WARN_COMMA = YES;
				CLANG_WARN_CONSTANT_CONVERSION = YES;
				CLANG_WARN_DEPRECATED_OBJC_IMPLEMENTATIONS = YES;
				CLANG_WARN_DIRECT_OBJC_ISA_USAGE = YES_ERROR;
				CLANG_WARN_DOCUMENTATION_COMMENTS = YES;
				CLANG_WARN_EMPTY_BODY = YES;
				CLANG_WARN_ENUM_CONVERSION = YES;
				CLANG_WARN_INFINITE_RECURSION = YES;
				CLANG_WARN_INT_CONVERSION = YES;
				CLANG_WARN_NON_LITERAL_NULL_CONVERSION = YES;
				CLANG_WARN_OBJC_IMPLICIT_RETAIN_SELF = YES;
				CLANG_WARN_OBJC_LITERAL_CONVERSION = YES;
				CLANG_WARN_OBJC_ROOT_CLASS = YES_ERROR;
				CLANG_WARN_QUOTED_INCLUDE_IN_FRAMEWORK_HEADER = YES;
				CLANG_WARN_RANGE_LOOP_ANALYSIS = YES;
				CLANG_WARN_STRICT_PROTOTYPES = YES;
				CLANG_WARN_SUSPICIOUS_MOVE = YES;
				CLANG_WARN_UNGUARDED_AVAILABILITY = YES_AGGRESSIVE;
				CLANG_WARN_UNREACHABLE_CODE = YES;
				CLANG_WARN__DUPLICATE_METHOD_MATCH = YES;
				COPY_PHASE_STRIP = NO;
				DEBUG_INFORMATION_FORMAT = "dwarf-with-dsym";
				ENABLE_NS_ASSERTIONS = NO;
				ENABLE_STRICT_OBJC_MSGSEND = YES;
				GCC_C_LANGUAGE_STANDARD = gnu11;
				GCC_NO_COMMON_BLOCKS = YES;
				GCC_WARN_64_TO_32_BIT_CONVERSION = YES;
				GCC_WARN_ABOUT_RETURN_TYPE = YES_ERROR;
				GCC_WARN_UNDECLARED_SELECTOR = YES;
				GCC_WARN_UNINITIALIZED_AUTOS = YES_AGGRESSIVE;
				GCC_WARN_UNUSED_FUNCTION = YES;
				GCC_WARN_UNUSED_VARIABLE = YES;
				IPHONEOS_DEPLOYMENT_TARGET = 16.0;
				MTL_ENABLE_DEBUG_INFO = NO;
				MTL_FAST_MATH = YES;
				SDKROOT = iphoneos;
				SWIFT_COMPILATION_MODE = wholemodule;
				SWIFT_OPTIMIZATION_LEVEL = "-O";
				VALIDATE_PRODUCT = YES;
			};
			name = Release;
		};
		4F9F04D529014234008C4C46 /* Debug */ = {
			isa = XCBuildConfiguration;
			buildSettings = {
				ASSETCATALOG_COMPILER_APPICON_NAME = AppIcon;
				ASSETCATALOG_COMPILER_GLOBAL_ACCENT_COLOR_NAME = AccentColor;
				CODE_SIGN_STYLE = Automatic;
				CURRENT_PROJECT_VERSION = 1;
				DEVELOPMENT_ASSET_PATHS = "\"FL_test/Preview Content\"";
				DEVELOPMENT_TEAM = F5M433Z8LM;
				ENABLE_PREVIEWS = YES;
				GENERATE_INFOPLIST_FILE = YES;
				INFOPLIST_KEY_UIApplicationSceneManifest_Generation = YES;
				INFOPLIST_KEY_UIApplicationSupportsIndirectInputEvents = YES;
				INFOPLIST_KEY_UILaunchScreen_Generation = YES;
				INFOPLIST_KEY_UISupportedInterfaceOrientations_iPad = "UIInterfaceOrientationPortrait UIInterfaceOrientationPortraitUpsideDown UIInterfaceOrientationLandscapeLeft UIInterfaceOrientationLandscapeRight";
				INFOPLIST_KEY_UISupportedInterfaceOrientations_iPhone = "UIInterfaceOrientationPortrait UIInterfaceOrientationLandscapeLeft UIInterfaceOrientationLandscapeRight";
				IPHONEOS_DEPLOYMENT_TARGET = 15.0;
				LD_RUNPATH_SEARCH_PATHS = (
					"$(inherited)",
					"@executable_path/Frameworks",
				);
				MARKETING_VERSION = 1.0;
				PRODUCT_BUNDLE_IDENTIFIER = "FL.FL-test";
				PRODUCT_NAME = "$(TARGET_NAME)";
				SWIFT_EMIT_LOC_STRINGS = YES;
				SWIFT_VERSION = 5.0;
				TARGETED_DEVICE_FAMILY = "1,2";
			};
			name = Debug;
		};
		4F9F04D629014234008C4C46 /* Release */ = {
			isa = XCBuildConfiguration;
			buildSettings = {
				ASSETCATALOG_COMPILER_APPICON_NAME = AppIcon;
				ASSETCATALOG_COMPILER_GLOBAL_ACCENT_COLOR_NAME = AccentColor;
				CODE_SIGN_STYLE = Automatic;
				CURRENT_PROJECT_VERSION = 1;
				DEVELOPMENT_ASSET_PATHS = "\"FL_test/Preview Content\"";
				DEVELOPMENT_TEAM = F5M433Z8LM;
				ENABLE_PREVIEWS = YES;
				GENERATE_INFOPLIST_FILE = YES;
				INFOPLIST_KEY_UIApplicationSceneManifest_Generation = YES;
				INFOPLIST_KEY_UIApplicationSupportsIndirectInputEvents = YES;
				INFOPLIST_KEY_UILaunchScreen_Generation = YES;
				INFOPLIST_KEY_UISupportedInterfaceOrientations_iPad = "UIInterfaceOrientationPortrait UIInterfaceOrientationPortraitUpsideDown UIInterfaceOrientationLandscapeLeft UIInterfaceOrientationLandscapeRight";
				INFOPLIST_KEY_UISupportedInterfaceOrientations_iPhone = "UIInterfaceOrientationPortrait UIInterfaceOrientationLandscapeLeft UIInterfaceOrientationLandscapeRight";
				IPHONEOS_DEPLOYMENT_TARGET = 15.0;
				LD_RUNPATH_SEARCH_PATHS = (
					"$(inherited)",
					"@executable_path/Frameworks",
				);
				MARKETING_VERSION = 1.0;
				PRODUCT_BUNDLE_IDENTIFIER = "FL.FL-test";
				PRODUCT_NAME = "$(TARGET_NAME)";
				SWIFT_EMIT_LOC_STRINGS = YES;
				SWIFT_VERSION = 5.0;
				TARGETED_DEVICE_FAMILY = "1,2";
			};
			name = Release;
		};
		4F9F04D829014234008C4C46 /* Debug */ = {
			isa = XCBuildConfiguration;
			buildSettings = {
				ALWAYS_EMBED_SWIFT_STANDARD_LIBRARIES = YES;
				BUNDLE_LOADER = "$(TEST_HOST)";
				CODE_SIGN_STYLE = Automatic;
				CURRENT_PROJECT_VERSION = 1;
				DEVELOPMENT_TEAM = F5M433Z8LM;
				GENERATE_INFOPLIST_FILE = YES;
				IPHONEOS_DEPLOYMENT_TARGET = 16.0;
				MARKETING_VERSION = 1.0;
				PRODUCT_BUNDLE_IDENTIFIER = "FL.FL-testTests";
				PRODUCT_NAME = "$(TARGET_NAME)";
				SWIFT_EMIT_LOC_STRINGS = NO;
				SWIFT_VERSION = 5.0;
				TARGETED_DEVICE_FAMILY = "1,2";
				TEST_HOST = "$(BUILT_PRODUCTS_DIR)/FL_test.app/$(BUNDLE_EXECUTABLE_FOLDER_PATH)/FL_test";
			};
			name = Debug;
		};
		4F9F04D929014234008C4C46 /* Release */ = {
			isa = XCBuildConfiguration;
			buildSettings = {
				ALWAYS_EMBED_SWIFT_STANDARD_LIBRARIES = YES;
				BUNDLE_LOADER = "$(TEST_HOST)";
				CODE_SIGN_STYLE = Automatic;
				CURRENT_PROJECT_VERSION = 1;
				DEVELOPMENT_TEAM = F5M433Z8LM;
				GENERATE_INFOPLIST_FILE = YES;
				IPHONEOS_DEPLOYMENT_TARGET = 16.0;
				MARKETING_VERSION = 1.0;
				PRODUCT_BUNDLE_IDENTIFIER = "FL.FL-testTests";
				PRODUCT_NAME = "$(TARGET_NAME)";
				SWIFT_EMIT_LOC_STRINGS = NO;
				SWIFT_VERSION = 5.0;
				TARGETED_DEVICE_FAMILY = "1,2";
				TEST_HOST = "$(BUILT_PRODUCTS_DIR)/FL_test.app/$(BUNDLE_EXECUTABLE_FOLDER_PATH)/FL_test";
			};
			name = Release;
		};
		4F9F04DB29014234008C4C46 /* Debug */ = {
			isa = XCBuildConfiguration;
			buildSettings = {
				ALWAYS_EMBED_SWIFT_STANDARD_LIBRARIES = YES;
				CODE_SIGN_STYLE = Automatic;
				CURRENT_PROJECT_VERSION = 1;
				DEVELOPMENT_TEAM = F5M433Z8LM;
				GENERATE_INFOPLIST_FILE = YES;
				MARKETING_VERSION = 1.0;
				PRODUCT_BUNDLE_IDENTIFIER = "FL.FL-testUITests";
				PRODUCT_NAME = "$(TARGET_NAME)";
				SWIFT_EMIT_LOC_STRINGS = NO;
				SWIFT_VERSION = 5.0;
				TARGETED_DEVICE_FAMILY = "1,2";
				TEST_TARGET_NAME = FL_test;
			};
			name = Debug;
		};
		4F9F04DC29014234008C4C46 /* Release */ = {
			isa = XCBuildConfiguration;
			buildSettings = {
				ALWAYS_EMBED_SWIFT_STANDARD_LIBRARIES = YES;
				CODE_SIGN_STYLE = Automatic;
				CURRENT_PROJECT_VERSION = 1;
				DEVELOPMENT_TEAM = F5M433Z8LM;
				GENERATE_INFOPLIST_FILE = YES;
				MARKETING_VERSION = 1.0;
				PRODUCT_BUNDLE_IDENTIFIER = "FL.FL-testUITests";
				PRODUCT_NAME = "$(TARGET_NAME)";
				SWIFT_EMIT_LOC_STRINGS = NO;
				SWIFT_VERSION = 5.0;
				TARGETED_DEVICE_FAMILY = "1,2";
				TEST_TARGET_NAME = FL_test;
			};
			name = Release;
		};
/* End XCBuildConfiguration section */

/* Begin XCConfigurationList section */
		4F9F04AB29014233008C4C46 /* Build configuration list for PBXProject "FL_test" */ = {
			isa = XCConfigurationList;
			buildConfigurations = (
				4F9F04D229014234008C4C46 /* Debug */,
				4F9F04D329014234008C4C46 /* Release */,
			);
			defaultConfigurationIsVisible = 0;
			defaultConfigurationName = Release;
		};
		4F9F04D429014234008C4C46 /* Build configuration list for PBXNativeTarget "FL_test" */ = {
			isa = XCConfigurationList;
			buildConfigurations = (
				4F9F04D529014234008C4C46 /* Debug */,
				4F9F04D629014234008C4C46 /* Release */,
			);
			defaultConfigurationIsVisible = 0;
			defaultConfigurationName = Release;
		};
		4F9F04D729014234008C4C46 /* Build configuration list for PBXNativeTarget "FL_testTests" */ = {
			isa = XCConfigurationList;
			buildConfigurations = (
				4F9F04D829014234008C4C46 /* Debug */,
				4F9F04D929014234008C4C46 /* Release */,
			);
			defaultConfigurationIsVisible = 0;
			defaultConfigurationName = Release;
		};
		4F9F04DA29014234008C4C46 /* Build configuration list for PBXNativeTarget "FL_testUITests" */ = {
			isa = XCConfigurationList;
			buildConfigurations = (
				4F9F04DB29014234008C4C46 /* Debug */,
				4F9F04DC29014234008C4C46 /* Release */,
			);
			defaultConfigurationIsVisible = 0;
			defaultConfigurationName = Release;
		};
/* End XCConfigurationList section */

/* Begin XCRemoteSwiftPackageReference section */
		4F262836292D33B200D79836 /* XCRemoteSwiftPackageReference "ChartView" */ = {
			isa = XCRemoteSwiftPackageReference;
			repositoryURL = "https://github.com/AppPear/ChartView";
			requirement = {
				kind = upToNextMajorVersion;
				minimumVersion = 1.0.0;
			};
		};
/* End XCRemoteSwiftPackageReference section */

/* Begin XCSwiftPackageProductDependency section */
		4F262837292D33B200D79836 /* SwiftUICharts */ = {
			isa = XCSwiftPackageProductDependency;
			package = 4F262836292D33B200D79836 /* XCRemoteSwiftPackageReference "ChartView" */;
			productName = SwiftUICharts;
		};
/* End XCSwiftPackageProductDependency section */

/* Begin XCVersionGroup section */
		4F5503152912BCD700788695 /* HealthData.xcdatamodeld */ = {
			isa = XCVersionGroup;
			children = (
				4F5503162912BCD700788695 /* HealthData.xcdatamodel */,
			);
			currentVersion = 4F5503162912BCD700788695 /* HealthData.xcdatamodel */;
			path = HealthData.xcdatamodeld;
			sourceTree = "<group>";
			versionGroupType = wrapper.xcdatamodel;
		};
/* End XCVersionGroup section */
	};
	rootObject = 4F9F04A829014233008C4C46 /* Project object */;
}
